
Microsoft Visual Studio Solution File, Format Version 12.00
# Visual Studio Version 16
VisualStudioVersion = 16.0.29613.14
MinimumVisualStudioVersion = 10.0.40219.1
Project("{FAE04EC0-301F-11D3-BF4B-00C04F79EFBC}") = "ReverseAString", "ReverseAString\ReverseAString.csproj", "{29E650D7-EEB7-453B-816B-47AEA37BDC95}"
EndProject
Global
	GlobalSection(SolutionConfigurationPlatforms) = preSolution
		Debug|Any CPU = Debug|Any CPU
		Release|Any CPU = Release|Any CPU
	EndGlobalSection
	GlobalSection(ProjectConfigurationPlatforms) = postSolution
		{29E650D7-EEB7-453B-816B-47AEA37BDC95}.Debug|Any CPU.ActiveCfg = Debug|Any CPU
		{29E650D7-EEB7-453B-816B-47AEA37BDC95}.Debug|Any CPU.Build.0 = Debug|Any CPU
		{29E650D7-EEB7-453B-816B-47AEA37BDC95}.Release|Any CPU.ActiveCfg = Release|Any CPU
		{29E650D7-EEB7-453B-816B-47AEA37BDC95}.Release|Any CPU.Build.0 = Release|Any CPU
	EndGlobalSection
	GlobalSection(SolutionProperties) = preSolution
		HideSolutionNode = FALSE
	EndGlobalSection
	GlobalSection(ExtensibilityGlobals) = postSolution
		SolutionGuid = {427C30CD-6767-4780-851C-8A7D6099572F}
	EndGlobalSection
EndGlobal
