
Microsoft Visual Studio Solution File, Format Version 12.00
# Visual Studio Version 16
VisualStudioVersion = 16.0.29613.14
MinimumVisualStudioVersion = 10.0.40219.1
Project("{FAE04EC0-301F-11D3-BF4B-00C04F79EFBC}") = "ReverseAString", "ReverseAString\ReverseAString.csproj", "{E170744C-C355-499F-B3AF-75E4E2543D55}"
EndProject
Project("{FAE04EC0-301F-11D3-BF4B-00C04F79EFBC}") = "P3", "P3\P3.csproj", "{199F150E-271B-4130-B8ED-A10AF1BDB089}"
EndProject
Project("{FAE04EC0-301F-11D3-BF4B-00C04F79EFBC}") = "P4", "P4\P4.csproj", "{ADC0F17D-A475-4805-8411-49EC7D22D433}"
EndProject
Global
	GlobalSection(SolutionConfigurationPlatforms) = preSolution
		Debug|Any CPU = Debug|Any CPU
		Release|Any CPU = Release|Any CPU
	EndGlobalSection
	GlobalSection(ProjectConfigurationPlatforms) = postSolution
		{E170744C-C355-499F-B3AF-75E4E2543D55}.Debug|Any CPU.ActiveCfg = Debug|Any CPU
		{E170744C-C355-499F-B3AF-75E4E2543D55}.Debug|Any CPU.Build.0 = Debug|Any CPU
		{E170744C-C355-499F-B3AF-75E4E2543D55}.Release|Any CPU.ActiveCfg = Release|Any CPU
		{E170744C-C355-499F-B3AF-75E4E2543D55}.Release|Any CPU.Build.0 = Release|Any CPU
		{199F150E-271B-4130-B8ED-A10AF1BDB089}.Debug|Any CPU.ActiveCfg = Debug|Any CPU
		{199F150E-271B-4130-B8ED-A10AF1BDB089}.Debug|Any CPU.Build.0 = Debug|Any CPU
		{199F150E-271B-4130-B8ED-A10AF1BDB089}.Release|Any CPU.ActiveCfg = Release|Any CPU
		{199F150E-271B-4130-B8ED-A10AF1BDB089}.Release|Any CPU.Build.0 = Release|Any CPU
		{ADC0F17D-A475-4805-8411-49EC7D22D433}.Debug|Any CPU.ActiveCfg = Debug|Any CPU
		{ADC0F17D-A475-4805-8411-49EC7D22D433}.Debug|Any CPU.Build.0 = Debug|Any CPU
		{ADC0F17D-A475-4805-8411-49EC7D22D433}.Release|Any CPU.ActiveCfg = Release|Any CPU
		{ADC0F17D-A475-4805-8411-49EC7D22D433}.Release|Any CPU.Build.0 = Release|Any CPU
	EndGlobalSection
	GlobalSection(SolutionProperties) = preSolution
		HideSolutionNode = FALSE
	EndGlobalSection
	GlobalSection(ExtensibilityGlobals) = postSolution
		SolutionGuid = {4257CA66-CF35-43AF-8D95-C4EE6743854E}
	EndGlobalSection
EndGlobal
