
Microsoft Visual Studio Solution File, Format Version 12.00
# Visual Studio Version 16
VisualStudioVersion = 16.0.29613.14
MinimumVisualStudioVersion = 10.0.40219.1
Project("{FAE04EC0-301F-11D3-BF4B-00C04F79EFBC}") = "ReverseAString", "ReverseAString\ReverseAString.csproj", "{29E650D7-EEB7-453B-816B-47AEA37BDC95}"
EndProject
Project("{FAE04EC0-301F-11D3-BF4B-00C04F79EFBC}") = "CheckParenthesis", "CheckParenthesis\CheckParenthesis.csproj", "{D3B83152-2640-4F3A-80B4-32668016FC5A}"
EndProject
Project("{FAE04EC0-301F-11D3-BF4B-00C04F79EFBC}") = "Splitter", "Splitter\Splitter.csproj", "{EF980E4A-3A87-470D-90B6-64BCE6AF27E4}"
EndProject
Project("{FAE04EC0-301F-11D3-BF4B-00C04F79EFBC}") = "SubstringInAText", "SubstringInAText\SubstringInAText.csproj", "{E0E0D4F6-1206-4ABE-BF82-CAE3727864B3}"
EndProject
Project("{FAE04EC0-301F-11D3-BF4B-00C04F79EFBC}") = "UpperCaseProblem", "UpperCaseProblem\UpperCaseProblem.csproj", "{93072094-63AD-4BCC-8E63-442F754DE945}"
EndProject
Project("{FAE04EC0-301F-11D3-BF4B-00C04F79EFBC}") = "Problem7", "Problem7\Problem7.csproj", "{C839B21D-1E53-485D-A761-87F45883B517}"
EndProject
Global
	GlobalSection(SolutionConfigurationPlatforms) = preSolution
		Debug|Any CPU = Debug|Any CPU
		Release|Any CPU = Release|Any CPU
	EndGlobalSection
	GlobalSection(ProjectConfigurationPlatforms) = postSolution
		{29E650D7-EEB7-453B-816B-47AEA37BDC95}.Debug|Any CPU.ActiveCfg = Debug|Any CPU
		{29E650D7-EEB7-453B-816B-47AEA37BDC95}.Debug|Any CPU.Build.0 = Debug|Any CPU
		{29E650D7-EEB7-453B-816B-47AEA37BDC95}.Release|Any CPU.ActiveCfg = Release|Any CPU
		{29E650D7-EEB7-453B-816B-47AEA37BDC95}.Release|Any CPU.Build.0 = Release|Any CPU
		{D3B83152-2640-4F3A-80B4-32668016FC5A}.Debug|Any CPU.ActiveCfg = Debug|Any CPU
		{D3B83152-2640-4F3A-80B4-32668016FC5A}.Debug|Any CPU.Build.0 = Debug|Any CPU
		{D3B83152-2640-4F3A-80B4-32668016FC5A}.Release|Any CPU.ActiveCfg = Release|Any CPU
		{D3B83152-2640-4F3A-80B4-32668016FC5A}.Release|Any CPU.Build.0 = Release|Any CPU
		{EF980E4A-3A87-470D-90B6-64BCE6AF27E4}.Debug|Any CPU.ActiveCfg = Debug|Any CPU
		{EF980E4A-3A87-470D-90B6-64BCE6AF27E4}.Debug|Any CPU.Build.0 = Debug|Any CPU
		{EF980E4A-3A87-470D-90B6-64BCE6AF27E4}.Release|Any CPU.ActiveCfg = Release|Any CPU
		{EF980E4A-3A87-470D-90B6-64BCE6AF27E4}.Release|Any CPU.Build.0 = Release|Any CPU
		{E0E0D4F6-1206-4ABE-BF82-CAE3727864B3}.Debug|Any CPU.ActiveCfg = Debug|Any CPU
		{E0E0D4F6-1206-4ABE-BF82-CAE3727864B3}.Debug|Any CPU.Build.0 = Debug|Any CPU
		{E0E0D4F6-1206-4ABE-BF82-CAE3727864B3}.Release|Any CPU.ActiveCfg = Release|Any CPU
		{E0E0D4F6-1206-4ABE-BF82-CAE3727864B3}.Release|Any CPU.Build.0 = Release|Any CPU
		{93072094-63AD-4BCC-8E63-442F754DE945}.Debug|Any CPU.ActiveCfg = Debug|Any CPU
		{93072094-63AD-4BCC-8E63-442F754DE945}.Debug|Any CPU.Build.0 = Debug|Any CPU
		{93072094-63AD-4BCC-8E63-442F754DE945}.Release|Any CPU.ActiveCfg = Release|Any CPU
		{93072094-63AD-4BCC-8E63-442F754DE945}.Release|Any CPU.Build.0 = Release|Any CPU
		{C839B21D-1E53-485D-A761-87F45883B517}.Debug|Any CPU.ActiveCfg = Debug|Any CPU
		{C839B21D-1E53-485D-A761-87F45883B517}.Debug|Any CPU.Build.0 = Debug|Any CPU
		{C839B21D-1E53-485D-A761-87F45883B517}.Release|Any CPU.ActiveCfg = Release|Any CPU
		{C839B21D-1E53-485D-A761-87F45883B517}.Release|Any CPU.Build.0 = Release|Any CPU
	EndGlobalSection
	GlobalSection(SolutionProperties) = preSolution
		HideSolutionNode = FALSE
	EndGlobalSection
	GlobalSection(ExtensibilityGlobals) = postSolution
		SolutionGuid = {427C30CD-6767-4780-851C-8A7D6099572F}
	EndGlobalSection
EndGlobal
